// !$*UTF8*$!
{
	archiveVersion = 1;
	classes = {
	};
	objectVersion = 55;
	objects = {

/* Begin PBXBuildFile section */
		3036BD9C2864E0BE00F2F9FE /* AppDelegate.swift in Sources */ = {isa = PBXBuildFile; fileRef = 3036BD9B2864E0BE00F2F9FE /* AppDelegate.swift */; };
		3036BD9E2864E0BE00F2F9FE /* SceneDelegate.swift in Sources */ = {isa = PBXBuildFile; fileRef = 3036BD9D2864E0BE00F2F9FE /* SceneDelegate.swift */; };
		3036BDA02864E0BE00F2F9FE /* ViewController.swift in Sources */ = {isa = PBXBuildFile; fileRef = 3036BD9F2864E0BE00F2F9FE /* ViewController.swift */; };
		3036BDA32864E0BE00F2F9FE /* Main.storyboard in Resources */ = {isa = PBXBuildFile; fileRef = 3036BDA12864E0BE00F2F9FE /* Main.storyboard */; };
		3036BDA62864E0BE00F2F9FE /* Shoes.xcdatamodeld in Sources */ = {isa = PBXBuildFile; fileRef = 3036BDA42864E0BE00F2F9FE /* Shoes.xcdatamodeld */; };
		3036BDA82864E0BF00F2F9FE /* Assets.xcassets in Resources */ = {isa = PBXBuildFile; fileRef = 3036BDA72864E0BF00F2F9FE /* Assets.xcassets */; };
		3036BDAB2864E0BF00F2F9FE /* LaunchScreen.storyboard in Resources */ = {isa = PBXBuildFile; fileRef = 3036BDA92864E0BF00F2F9FE /* LaunchScreen.storyboard */; };
/* End PBXBuildFile section */

/* Begin PBXFileReference section */
		3036BD982864E0BE00F2F9FE /* Shoes.app */ = {isa = PBXFileReference; explicitFileType = wrapper.application; includeInIndex = 0; path = Shoes.app; sourceTree = BUILT_PRODUCTS_DIR; };
		3036BD9B2864E0BE00F2F9FE /* AppDelegate.swift */ = {isa = PBXFileReference; lastKnownFileType = sourcecode.swift; path = AppDelegate.swift; sourceTree = "<group>"; };
		3036BD9D2864E0BE00F2F9FE /* SceneDelegate.swift */ = {isa = PBXFileReference; lastKnownFileType = sourcecode.swift; path = SceneDelegate.swift; sourceTree = "<group>"; };
		3036BD9F2864E0BE00F2F9FE /* ViewController.swift */ = {isa = PBXFileReference; lastKnownFileType = sourcecode.swift; path = ViewController.swift; sourceTree = "<group>"; };
		3036BDA22864E0BE00F2F9FE /* Base */ = {isa = PBXFileReference; lastKnownFileType = file.storyboard; name = Base; path = Base.lproj/Main.storyboard; sourceTree = "<group>"; };
		3036BDA52864E0BE00F2F9FE /* Shoes.xcdatamodel */ = {isa = PBXFileReference; lastKnownFileType = wrapper.xcdatamodel; path = Shoes.xcdatamodel; sourceTree = "<group>"; };
		3036BDA72864E0BF00F2F9FE /* Assets.xcassets */ = {isa = PBXFileReference; lastKnownFileType = folder.assetcatalog; path = Assets.xcassets; sourceTree = "<group>"; };
		3036BDAA2864E0BF00F2F9FE /* Base */ = {isa = PBXFileReference; lastKnownFileType = file.storyboard; name = Base; path = Base.lproj/LaunchScreen.storyboard; sourceTree = "<group>"; };
		3036BDAC2864E0BF00F2F9FE /* Info.plist */ = {isa = PBXFileReference; lastKnownFileType = text.plist.xml; path = Info.plist; sourceTree = "<group>"; };
/* End PBXFileReference section */

/* Begin PBXFrameworksBuildPhase section */
		3036BD952864E0BE00F2F9FE /* Frameworks */ = {
			isa = PBXFrameworksBuildPhase;
			buildActionMask = 2147483647;
			files = (
			);
			runOnlyForDeploymentPostprocessing = 0;
		};
/* End PBXFrameworksBuildPhase section */

/* Begin PBXGroup section */
		3036BD8F2864E0BE00F2F9FE = {
			isa = PBXGroup;
			children = (
				3036BD9A2864E0BE00F2F9FE /* Shoes */,
				3036BD992864E0BE00F2F9FE /* Products */,
			);
			sourceTree = "<group>";
		};
		3036BD992864E0BE00F2F9FE /* Products */ = {
			isa = PBXGroup;
			children = (
				3036BD982864E0BE00F2F9FE /* Shoes.app */,
			);
			name = Products;
			sourceTree = "<group>";
		};
		3036BD9A2864E0BE00F2F9FE /* Shoes */ = {
			isa = PBXGroup;
			children = (
				3036BD9B2864E0BE00F2F9FE /* AppDelegate.swift */,
				3036BD9D2864E0BE00F2F9FE /* SceneDelegate.swift */,
				3036BD9F2864E0BE00F2F9FE /* ViewController.swift */,
				3036BDA12864E0BE00F2F9FE /* Main.storyboard */,
				3036BDA72864E0BF00F2F9FE /* Assets.xcassets */,
				3036BDA92864E0BF00F2F9FE /* LaunchScreen.storyboard */,
				3036BDAC2864E0BF00F2F9FE /* Info.plist */,
				3036BDA42864E0BE00F2F9FE /* Shoes.xcdatamodeld */,
			);
			path = Shoes;
			sourceTree = "<group>";
		};
/* End PBXGroup section */

/* Begin PBXNativeTarget section */
		3036BD972864E0BE00F2F9FE /* Shoes */ = {
			isa = PBXNativeTarget;
			buildConfigurationList = 3036BDAF2864E0BF00F2F9FE /* Build configuration list for PBXNativeTarget "Shoes" */;
			buildPhases = (
				3036BD942864E0BE00F2F9FE /* Sources */,
				3036BD952864E0BE00F2F9FE /* Frameworks */,
				3036BD962864E0BE00F2F9FE /* Resources */,
			);
			buildRules = (
			);
			dependencies = (
			);
			name = Shoes;
			productName = Shoes;
			productReference = 3036BD982864E0BE00F2F9FE /* Shoes.app */;
			productType = "com.apple.product-type.application";
		};
/* End PBXNativeTarget section */

/* Begin PBXProject section */
		3036BD902864E0BE00F2F9FE /* Project object */ = {
			isa = PBXProject;
			attributes = {
				BuildIndependentTargetsInParallel = 1;
				LastSwiftUpdateCheck = 1320;
				LastUpgradeCheck = 1320;
				TargetAttributes = {
					3036BD972864E0BE00F2F9FE = {
						CreatedOnToolsVersion = 13.2.1;
					};
				};
			};
			buildConfigurationList = 3036BD932864E0BE00F2F9FE /* Build configuration list for PBXProject "Shoes" */;
			compatibilityVersion = "Xcode 13.0";
			developmentRegion = en;
			hasScannedForEncodings = 0;
			knownRegions = (
				en,
				Base,
			);
			mainGroup = 3036BD8F2864E0BE00F2F9FE;
			productRefGroup = 3036BD992864E0BE00F2F9FE /* Products */;
			projectDirPath = "";
			projectRoot = "";
			targets = (
				3036BD972864E0BE00F2F9FE /* Shoes */,
			);
		};
/* End PBXProject section */

/* Begin PBXResourcesBuildPhase section */
		3036BD962864E0BE00F2F9FE /* Resources */ = {
			isa = PBXResourcesBuildPhase;
			buildActionMask = 2147483647;
			files = (
				3036BDAB2864E0BF00F2F9FE /* LaunchScreen.storyboard in Resources */,
				3036BDA82864E0BF00F2F9FE /* Assets.xcassets in Resources */,
				3036BDA32864E0BE00F2F9FE /* Main.storyboard in Resources */,
			);
			runOnlyForDeploymentPostprocessing = 0;
		};
/* End PBXResourcesBuildPhase section */

/* Begin PBXSourcesBuildPhase section */
		3036BD942864E0BE00F2F9FE /* Sources */ = {
			isa = PBXSourcesBuildPhase;
			buildActionMask = 2147483647;
			files = (
				3036BDA62864E0BE00F2F9FE /* Shoes.xcdatamodeld in Sources */,
				3036BDA02864E0BE00F2F9FE /* ViewController.swift in Sources */,
				3036BD9C2864E0BE00F2F9FE /* AppDelegate.swift in Sources */,
				3036BD9E2864E0BE00F2F9FE /* SceneDelegate.swift in Sources */,
			);
			runOnlyForDeploymentPostprocessing = 0;
		};
/* End PBXSourcesBuildPhase section */

/* Begin PBXVariantGroup section */
		3036BDA12864E0BE00F2F9FE /* Main.storyboard */ = {
			isa = PBXVariantGroup;
			children = (
				3036BDA22864E0BE00F2F9FE /* Base */,
			);
			name = Main.storyboard;
			sourceTree = "<group>";
		};
		3036BDA92864E0BF00F2F9FE /* LaunchScreen.storyboard */ = {
			isa = PBXVariantGroup;
			children = (
				3036BDAA2864E0BF00F2F9FE /* Base */,
			);
			name = LaunchScreen.storyboard;
			sourceTree = "<group>";
		};
/* End PBXVariantGroup section */

/* Begin XCBuildConfiguration section */
		3036BDAD2864E0BF00F2F9FE /* Debug */ = {
			isa = XCBuildConfiguration;
			buildSettings = {
				ALWAYS_SEARCH_USER_PATHS = NO;
				CLANG_ANALYZER_NONNULL = YES;
				CLANG_ANALYZER_NUMBER_OBJECT_CONVERSION = YES_AGGRESSIVE;
				CLANG_CXX_LANGUAGE_STANDARD = "gnu++17";
				CLANG_CXX_LIBRARY = "libc++";
				CLANG_ENABLE_MODULES = YES;
				CLANG_ENABLE_OBJC_ARC = YES;
				CLANG_ENABLE_OBJC_WEAK = YES;
				CLANG_WARN_BLOCK_CAPTURE_AUTORELEASING = YES;
				CLANG_WARN_BOOL_CONVERSION = YES;
				CLANG_WARN_COMMA = YES;
				CLANG_WARN_CONSTANT_CONVERSION = YES;
				CLANG_WARN_DEPRECATED_OBJC_IMPLEMENTATIONS = YES;
				CLANG_WARN_DIRECT_OBJC_ISA_USAGE = YES_ERROR;
				CLANG_WARN_DOCUMENTATION_COMMENTS = YES;
				CLANG_WARN_EMPTY_BODY = YES;
				CLANG_WARN_ENUM_CONVERSION = YES;
				CLANG_WARN_INFINITE_RECURSION = YES;
				CLANG_WARN_INT_CONVERSION = YES;
				CLANG_WARN_NON_LITERAL_NULL_CONVERSION = YES;
				CLANG_WARN_OBJC_IMPLICIT_RETAIN_SELF = YES;
				CLANG_WARN_OBJC_LITERAL_CONVERSION = YES;
				CLANG_WARN_OBJC_ROOT_CLASS = YES_ERROR;
				CLANG_WARN_QUOTED_INCLUDE_IN_FRAMEWORK_HEADER = YES;
				CLANG_WARN_RANGE_LOOP_ANALYSIS = YES;
				CLANG_WARN_STRICT_PROTOTYPES = YES;
				CLANG_WARN_SUSPICIOUS_MOVE = YES;
				CLANG_WARN_UNGUARDED_AVAILABILITY = YES_AGGRESSIVE;
				CLANG_WARN_UNREACHABLE_CODE = YES;
				CLANG_WARN__DUPLICATE_METHOD_MATCH = YES;
				COPY_PHASE_STRIP = NO;
				DEBUG_INFORMATION_FORMAT = dwarf;
				ENABLE_STRICT_OBJC_MSGSEND = YES;
				ENABLE_TESTABILITY = YES;
				GCC_C_LANGUAGE_STANDARD = gnu11;
				GCC_DYNAMIC_NO_PIC = NO;
				GCC_NO_COMMON_BLOCKS = YES;
				GCC_OPTIMIZATION_LEVEL = 0;
				GCC_PREPROCESSOR_DEFINITIONS = (
					"DEBUG=1",
					"$(inherited)",
				);
				GCC_WARN_64_TO_32_BIT_CONVERSION = YES;
				GCC_WARN_ABOUT_RETURN_TYPE = YES_ERROR;
				GCC_WARN_UNDECLARED_SELECTOR = YES;
				GCC_WARN_UNINITIALIZED_AUTOS = YES_AGGRESSIVE;
				GCC_WARN_UNUSED_FUNCTION = YES;
				GCC_WARN_UNUSED_VARIABLE = YES;
				IPHONEOS_DEPLOYMENT_TARGET = 15.2;
				MTL_ENABLE_DEBUG_INFO = INCLUDE_SOURCE;
				MTL_FAST_MATH = YES;
				ONLY_ACTIVE_ARCH = YES;
				SDKROOT = iphoneos;
				SWIFT_ACTIVE_COMPILATION_CONDITIONS = DEBUG;
				SWIFT_OPTIMIZATION_LEVEL = "-Onone";
			};
			name = Debug;
		};
		3036BDAE2864E0BF00F2F9FE /* Release */ = {
			isa = XCBuildConfiguration;
			buildSettings = {
				ALWAYS_SEARCH_USER_PATHS = NO;
				CLANG_ANALYZER_NONNULL = YES;
				CLANG_ANALYZER_NUMBER_OBJECT_CONVERSION = YES_AGGRESSIVE;
				CLANG_CXX_LANGUAGE_STANDARD = "gnu++17";
				CLANG_CXX_LIBRARY = "libc++";
				CLANG_ENABLE_MODULES = YES;
				CLANG_ENABLE_OBJC_ARC = YES;
				CLANG_ENABLE_OBJC_WEAK = YES;
				CLANG_WARN_BLOCK_CAPTURE_AUTORELEASING = YES;
				CLANG_WARN_BOOL_CONVERSION = YES;
				CLANG_WARN_COMMA = YES;
				CLANG_WARN_CONSTANT_CONVERSION = YES;
				CLANG_WARN_DEPRECATED_OBJC_IMPLEMENTATIONS = YES;
				CLANG_WARN_DIRECT_OBJC_ISA_USAGE = YES_ERROR;
				CLANG_WARN_DOCUMENTATION_COMMENTS = YES;
				CLANG_WARN_EMPTY_BODY = YES;
				CLANG_WARN_ENUM_CONVERSION = YES;
				CLANG_WARN_INFINITE_RECURSION = YES;
				CLANG_WARN_INT_CONVERSION = YES;
				CLANG_WARN_NON_LITERAL_NULL_CONVERSION = YES;
				CLANG_WARN_OBJC_IMPLICIT_RETAIN_SELF = YES;
				CLANG_WARN_OBJC_LITERAL_CONVERSION = YES;
				CLANG_WARN_OBJC_ROOT_CLASS = YES_ERROR;
				CLANG_WARN_QUOTED_INCLUDE_IN_FRAMEWORK_HEADER = YES;
				CLANG_WARN_RANGE_LOOP_ANALYSIS = YES;
				CLANG_WARN_STRICT_PROTOTYPES = YES;
				CLANG_WARN_SUSPICIOUS_MOVE = YES;
				CLANG_WARN_UNGUARDED_AVAILABILITY = YES_AGGRESSIVE;
				CLANG_WARN_UNREACHABLE_CODE = YES;
				CLANG_WARN__DUPLICATE_METHOD_MATCH = YES;
				COPY_PHASE_STRIP = NO;
				DEBUG_INFORMATION_FORMAT = "dwarf-with-dsym";
				ENABLE_NS_ASSERTIONS = NO;
				ENABLE_STRICT_OBJC_MSGSEND = YES;
				GCC_C_LANGUAGE_STANDARD = gnu11;
				GCC_NO_COMMON_BLOCKS = YES;
				GCC_WARN_64_TO_32_BIT_CONVERSION = YES;
				GCC_WARN_ABOUT_RETURN_TYPE = YES_ERROR;
				GCC_WARN_UNDECLARED_SELECTOR = YES;
				GCC_WARN_UNINITIALIZED_AUTOS = YES_AGGRESSIVE;
				GCC_WARN_UNUSED_FUNCTION = YES;
				GCC_WARN_UNUSED_VARIABLE = YES;
				IPHONEOS_DEPLOYMENT_TARGET = 15.2;
				MTL_ENABLE_DEBUG_INFO = NO;
				MTL_FAST_MATH = YES;
				SDKROOT = iphoneos;
				SWIFT_COMPILATION_MODE = wholemodule;
				SWIFT_OPTIMIZATION_LEVEL = "-O";
				VALIDATE_PRODUCT = YES;
			};
			name = Release;
		};
		3036BDB02864E0BF00F2F9FE /* Debug */ = {
			isa = XCBuildConfiguration;
			buildSettings = {
				ASSETCATALOG_COMPILER_APPICON_NAME = AppIcon;
				ASSETCATALOG_COMPILER_GLOBAL_ACCENT_COLOR_NAME = AccentColor;
				CODE_SIGN_STYLE = Automatic;
				CURRENT_PROJECT_VERSION = 1;
				DEVELOPMENT_TEAM = SC63T9624N;
				GENERATE_INFOPLIST_FILE = YES;
				INFOPLIST_FILE = Shoes/Info.plist;
				INFOPLIST_KEY_UIApplicationSupportsIndirectInputEvents = YES;
				INFOPLIST_KEY_UILaunchStoryboardName = LaunchScreen;
				INFOPLIST_KEY_UIMainStoryboardFile = Main;
				INFOPLIST_KEY_UISupportedInterfaceOrientations_iPad = "UIInterfaceOrientationPortrait UIInterfaceOrientationPortraitUpsideDown UIInterfaceOrientationLandscapeLeft UIInterfaceOrientationLandscapeRight";
				INFOPLIST_KEY_UISupportedInterfaceOrientations_iPhone = "UIInterfaceOrientationPortrait UIInterfaceOrientationLandscapeLeft UIInterfaceOrientationLandscapeRight";
				LD_RUNPATH_SEARCH_PATHS = (
					"$(inherited)",
					"@executable_path/Frameworks",
				);
				MARKETING_VERSION = 1.0;
				PRODUCT_BUNDLE_IDENTIFIER = AlexKazemirov.Shoes;
				PRODUCT_NAME = "$(TARGET_NAME)";
				SWIFT_EMIT_LOC_STRINGS = YES;
				SWIFT_VERSION = 5.0;
				TARGETED_DEVICE_FAMILY = "1,2";
			};
			name = Debug;
		};
		3036BDB12864E0BF00F2F9FE /* Release */ = {
			isa = XCBuildConfiguration;
			buildSettings = {
				ASSETCATALOG_COMPILER_APPICON_NAME = AppIcon;
				ASSETCATALOG_COMPILER_GLOBAL_ACCENT_COLOR_NAME = AccentColor;
				CODE_SIGN_STYLE = Automatic;
				CURRENT_PROJECT_VERSION = 1;
				DEVELOPMENT_TEAM = SC63T9624N;
				GENERATE_INFOPLIST_FILE = YES;
				INFOPLIST_FILE = Shoes/Info.plist;
				INFOPLIST_KEY_UIApplicationSupportsIndirectInputEvents = YES;
				INFOPLIST_KEY_UILaunchStoryboardName = LaunchScreen;
				INFOPLIST_KEY_UIMainStoryboardFile = Main;
				INFOPLIST_KEY_UISupportedInterfaceOrientations_iPad = "UIInterfaceOrientationPortrait UIInterfaceOrientationPortraitUpsideDown UIInterfaceOrientationLandscapeLeft UIInterfaceOrientationLandscapeRight";
				INFOPLIST_KEY_UISupportedInterfaceOrientations_iPhone = "UIInterfaceOrientationPortrait UIInterfaceOrientationLandscapeLeft UIInterfaceOrientationLandscapeRight";
				LD_RUNPATH_SEARCH_PATHS = (
					"$(inherited)",
					"@executable_path/Frameworks",
				);
				MARKETING_VERSION = 1.0;
				PRODUCT_BUNDLE_IDENTIFIER = AlexKazemirov.Shoes;
				PRODUCT_NAME = "$(TARGET_NAME)";
				SWIFT_EMIT_LOC_STRINGS = YES;
				SWIFT_VERSION = 5.0;
				TARGETED_DEVICE_FAMILY = "1,2";
			};
			name = Release;
		};
/* End XCBuildConfiguration section */

/* Begin XCConfigurationList section */
		3036BD932864E0BE00F2F9FE /* Build configuration list for PBXProject "Shoes" */ = {
			isa = XCConfigurationList;
			buildConfigurations = (
				3036BDAD2864E0BF00F2F9FE /* Debug */,
				3036BDAE2864E0BF00F2F9FE /* Release */,
			);
			defaultConfigurationIsVisible = 0;
			defaultConfigurationName = Release;
		};
		3036BDAF2864E0BF00F2F9FE /* Build configuration list for PBXNativeTarget "Shoes" */ = {
			isa = XCConfigurationList;
			buildConfigurations = (
				3036BDB02864E0BF00F2F9FE /* Debug */,
				3036BDB12864E0BF00F2F9FE /* Release */,
			);
			defaultConfigurationIsVisible = 0;
			defaultConfigurationName = Release;
		};
/* End XCConfigurationList section */

/* Begin XCVersionGroup section */
		3036BDA42864E0BE00F2F9FE /* Shoes.xcdatamodeld */ = {
			isa = XCVersionGroup;
			children = (
				3036BDA52864E0BE00F2F9FE /* Shoes.xcdatamodel */,
			);
			currentVersion = 3036BDA52864E0BE00F2F9FE /* Shoes.xcdatamodel */;
			path = Shoes.xcdatamodeld;
			sourceTree = "<group>";
			versionGroupType = wrapper.xcdatamodel;
		};
/* End XCVersionGroup section */
	};
	rootObject = 3036BD902864E0BE00F2F9FE /* Project object */;
}
